
Microsoft Visual Studio Solution File, Format Version 12.00
# Visual Studio Version 17
VisualStudioVersion = 17.0.32014.148
MinimumVisualStudioVersion = 10.0.40219.1
Project("{9A19103F-16F7-4668-BE54-9A1E7A4F7556}") = "Proyecto-1", "Proyecto-1.csproj", "{49E0723B-C588-4547-A888-13B805A6DBF0}"
EndProject
Global
	GlobalSection(SolutionConfigurationPlatforms) = preSolution
		Debug|Any CPU = Debug|Any CPU
		Release|Any CPU = Release|Any CPU
	EndGlobalSection
	GlobalSection(ProjectConfigurationPlatforms) = postSolution
		{49E0723B-C588-4547-A888-13B805A6DBF0}.Debug|Any CPU.ActiveCfg = Debug|Any CPU
		{49E0723B-C588-4547-A888-13B805A6DBF0}.Debug|Any CPU.Build.0 = Debug|Any CPU
		{49E0723B-C588-4547-A888-13B805A6DBF0}.Release|Any CPU.ActiveCfg = Release|Any CPU
		{49E0723B-C588-4547-A888-13B805A6DBF0}.Release|Any CPU.Build.0 = Release|Any CPU
	EndGlobalSection
	GlobalSection(SolutionProperties) = preSolution
		HideSolutionNode = FALSE
	EndGlobalSection
	GlobalSection(ExtensibilityGlobals) = postSolution
		SolutionGuid = {7CC7030B-8EC0-4A2A-B879-F00D8C955C70}
	EndGlobalSection
EndGlobal
