
Microsoft Visual Studio Solution File, Format Version 12.00
# Visual Studio Version 17
VisualStudioVersion = 17.0.32014.148
MinimumVisualStudioVersion = 10.0.40219.1
Project("{FAE04EC0-301F-11D3-BF4B-00C04F79EFBC}") = "Avisos(Ejercicio de interfaces)", "Avisos(Ejercicio de interfaces).csproj", "{F43BDBC9-D8F9-4ECF-8E2B-C86618829E83}"
EndProject
Global
	GlobalSection(SolutionConfigurationPlatforms) = preSolution
		Debug|Any CPU = Debug|Any CPU
		Release|Any CPU = Release|Any CPU
	EndGlobalSection
	GlobalSection(ProjectConfigurationPlatforms) = postSolution
		{F43BDBC9-D8F9-4ECF-8E2B-C86618829E83}.Debug|Any CPU.ActiveCfg = Debug|Any CPU
		{F43BDBC9-D8F9-4ECF-8E2B-C86618829E83}.Debug|Any CPU.Build.0 = Debug|Any CPU
		{F43BDBC9-D8F9-4ECF-8E2B-C86618829E83}.Release|Any CPU.ActiveCfg = Release|Any CPU
		{F43BDBC9-D8F9-4ECF-8E2B-C86618829E83}.Release|Any CPU.Build.0 = Release|Any CPU
	EndGlobalSection
	GlobalSection(SolutionProperties) = preSolution
		HideSolutionNode = FALSE
	EndGlobalSection
	GlobalSection(ExtensibilityGlobals) = postSolution
		SolutionGuid = {EEF08DD3-3F6A-4086-B01B-A4AD2E36B189}
	EndGlobalSection
EndGlobal
